
Microsoft Visual Studio Solution File, Format Version 12.00
# Visual Studio Version 16
VisualStudioVersion = 16.0.29905.134
MinimumVisualStudioVersion = 10.0.40219.1
Project("{8BC9CEB8-8B4A-11D0-8D11-00A0C91BC942}") = "Aufgabe1_2", "Aufgabe1_2\Aufgabe1_2.vcxproj", "{03378D34-8E93-48DC-B5BA-B26CA380802C}"
EndProject
Project("{8BC9CEB8-8B4A-11D0-8D11-00A0C91BC942}") = "Aufgabe1_1", "Aufgabe1_1\Aufgabe1_1.vcxproj", "{9750CA65-8A38-4DB8-80F7-EEB161183CD2}"
EndProject
Project("{8BC9CEB8-8B4A-11D0-8D11-00A0C91BC942}") = "Aufgabe1_3", "Aufgabe1_3\Aufgabe1_3.vcxproj", "{13DE9963-69CB-44AF-8B61-376273341877}"
EndProject
Project("{8BC9CEB8-8B4A-11D0-8D11-00A0C91BC942}") = "Aufgabe2_1", "Aufgabe2_1\Aufgabe2_1.vcxproj", "{8220B21E-AAD5-4896-9B02-9A320D9BB19E}"
EndProject
Project("{8BC9CEB8-8B4A-11D0-8D11-00A0C91BC942}") = "Aufgabe2_2", "Aufgabe2_2\Aufgabe2_2.vcxproj", "{EAA2D2BF-DE07-45BB-9865-BE8F38F6C05E}"
EndProject
Project("{8BC9CEB8-8B4A-11D0-8D11-00A0C91BC942}") = "Aufgabe2_3", "Aufgabe2_3\Aufgabe2_3.vcxproj", "{DD851ED9-9D35-4966-93E7-C75FBB7A244C}"
EndProject
Global
	GlobalSection(SolutionConfigurationPlatforms) = preSolution
		Debug|x64 = Debug|x64
		Debug|x86 = Debug|x86
		Release|x64 = Release|x64
		Release|x86 = Release|x86
	EndGlobalSection
	GlobalSection(ProjectConfigurationPlatforms) = postSolution
		{03378D34-8E93-48DC-B5BA-B26CA380802C}.Debug|x64.ActiveCfg = Debug|x64
		{03378D34-8E93-48DC-B5BA-B26CA380802C}.Debug|x64.Build.0 = Debug|x64
		{03378D34-8E93-48DC-B5BA-B26CA380802C}.Debug|x86.ActiveCfg = Debug|Win32
		{03378D34-8E93-48DC-B5BA-B26CA380802C}.Debug|x86.Build.0 = Debug|Win32
		{03378D34-8E93-48DC-B5BA-B26CA380802C}.Release|x64.ActiveCfg = Release|x64
		{03378D34-8E93-48DC-B5BA-B26CA380802C}.Release|x64.Build.0 = Release|x64
		{03378D34-8E93-48DC-B5BA-B26CA380802C}.Release|x86.ActiveCfg = Release|Win32
		{03378D34-8E93-48DC-B5BA-B26CA380802C}.Release|x86.Build.0 = Release|Win32
		{9750CA65-8A38-4DB8-80F7-EEB161183CD2}.Debug|x64.ActiveCfg = Debug|x64
		{9750CA65-8A38-4DB8-80F7-EEB161183CD2}.Debug|x64.Build.0 = Debug|x64
		{9750CA65-8A38-4DB8-80F7-EEB161183CD2}.Debug|x86.ActiveCfg = Debug|Win32
		{9750CA65-8A38-4DB8-80F7-EEB161183CD2}.Debug|x86.Build.0 = Debug|Win32
		{9750CA65-8A38-4DB8-80F7-EEB161183CD2}.Release|x64.ActiveCfg = Release|x64
		{9750CA65-8A38-4DB8-80F7-EEB161183CD2}.Release|x64.Build.0 = Release|x64
		{9750CA65-8A38-4DB8-80F7-EEB161183CD2}.Release|x86.ActiveCfg = Release|Win32
		{9750CA65-8A38-4DB8-80F7-EEB161183CD2}.Release|x86.Build.0 = Release|Win32
		{13DE9963-69CB-44AF-8B61-376273341877}.Debug|x64.ActiveCfg = Debug|x64
		{13DE9963-69CB-44AF-8B61-376273341877}.Debug|x64.Build.0 = Debug|x64
		{13DE9963-69CB-44AF-8B61-376273341877}.Debug|x86.ActiveCfg = Debug|Win32
		{13DE9963-69CB-44AF-8B61-376273341877}.Debug|x86.Build.0 = Debug|Win32
		{13DE9963-69CB-44AF-8B61-376273341877}.Release|x64.ActiveCfg = Release|x64
		{13DE9963-69CB-44AF-8B61-376273341877}.Release|x64.Build.0 = Release|x64
		{13DE9963-69CB-44AF-8B61-376273341877}.Release|x86.ActiveCfg = Release|Win32
		{13DE9963-69CB-44AF-8B61-376273341877}.Release|x86.Build.0 = Release|Win32
		{8220B21E-AAD5-4896-9B02-9A320D9BB19E}.Debug|x64.ActiveCfg = Debug|x64
		{8220B21E-AAD5-4896-9B02-9A320D9BB19E}.Debug|x64.Build.0 = Debug|x64
		{8220B21E-AAD5-4896-9B02-9A320D9BB19E}.Debug|x86.ActiveCfg = Debug|Win32
		{8220B21E-AAD5-4896-9B02-9A320D9BB19E}.Debug|x86.Build.0 = Debug|Win32
		{8220B21E-AAD5-4896-9B02-9A320D9BB19E}.Release|x64.ActiveCfg = Release|x64
		{8220B21E-AAD5-4896-9B02-9A320D9BB19E}.Release|x64.Build.0 = Release|x64
		{8220B21E-AAD5-4896-9B02-9A320D9BB19E}.Release|x86.ActiveCfg = Release|Win32
		{8220B21E-AAD5-4896-9B02-9A320D9BB19E}.Release|x86.Build.0 = Release|Win32
		{EAA2D2BF-DE07-45BB-9865-BE8F38F6C05E}.Debug|x64.ActiveCfg = Debug|x64
		{EAA2D2BF-DE07-45BB-9865-BE8F38F6C05E}.Debug|x64.Build.0 = Debug|x64
		{EAA2D2BF-DE07-45BB-9865-BE8F38F6C05E}.Debug|x86.ActiveCfg = Debug|Win32
		{EAA2D2BF-DE07-45BB-9865-BE8F38F6C05E}.Debug|x86.Build.0 = Debug|Win32
		{EAA2D2BF-DE07-45BB-9865-BE8F38F6C05E}.Release|x64.ActiveCfg = Release|x64
		{EAA2D2BF-DE07-45BB-9865-BE8F38F6C05E}.Release|x64.Build.0 = Release|x64
		{EAA2D2BF-DE07-45BB-9865-BE8F38F6C05E}.Release|x86.ActiveCfg = Release|Win32
		{EAA2D2BF-DE07-45BB-9865-BE8F38F6C05E}.Release|x86.Build.0 = Release|Win32
		{DD851ED9-9D35-4966-93E7-C75FBB7A244C}.Debug|x64.ActiveCfg = Debug|x64
		{DD851ED9-9D35-4966-93E7-C75FBB7A244C}.Debug|x64.Build.0 = Debug|x64
		{DD851ED9-9D35-4966-93E7-C75FBB7A244C}.Debug|x86.ActiveCfg = Debug|Win32
		{DD851ED9-9D35-4966-93E7-C75FBB7A244C}.Debug|x86.Build.0 = Debug|Win32
		{DD851ED9-9D35-4966-93E7-C75FBB7A244C}.Release|x64.ActiveCfg = Release|x64
		{DD851ED9-9D35-4966-93E7-C75FBB7A244C}.Release|x64.Build.0 = Release|x64
		{DD851ED9-9D35-4966-93E7-C75FBB7A244C}.Release|x86.ActiveCfg = Release|Win32
		{DD851ED9-9D35-4966-93E7-C75FBB7A244C}.Release|x86.Build.0 = Release|Win32
	EndGlobalSection
	GlobalSection(SolutionProperties) = preSolution
		HideSolutionNode = FALSE
	EndGlobalSection
	GlobalSection(ExtensibilityGlobals) = postSolution
		SolutionGuid = {0170C8C8-1FCA-47D4-AA84-3FB7D363D6B9}
	EndGlobalSection
EndGlobal
